// !$*UTF8*$!
{
	archiveVersion = 1;
	classes = {
	};
	objectVersion = 46;
	objects = {

/* Begin PBXBuildFile section */
		EC026BF819C5F1160051CE75 /* Foundation.framework in Frameworks */ = {isa = PBXBuildFile; fileRef = EC026BF719C5F1160051CE75 /* Foundation.framework */; };
		EC026BFA19C5F1160051CE75 /* CoreGraphics.framework in Frameworks */ = {isa = PBXBuildFile; fileRef = EC026BF919C5F1160051CE75 /* CoreGraphics.framework */; };
		EC026BFC19C5F1160051CE75 /* UIKit.framework in Frameworks */ = {isa = PBXBuildFile; fileRef = EC026BFB19C5F1160051CE75 /* UIKit.framework */; };
		EC026C0219C5F1160051CE75 /* InfoPlist.strings in Resources */ = {isa = PBXBuildFile; fileRef = EC026C0019C5F1160051CE75 /* InfoPlist.strings */; };
		EC026C0419C5F1160051CE75 /* main.m in Sources */ = {isa = PBXBuildFile; fileRef = EC026C0319C5F1160051CE75 /* main.m */; };
		EC026C0819C5F1160051CE75 /* OWAppDelegate.m in Sources */ = {isa = PBXBuildFile; fileRef = EC026C0719C5F1160051CE75 /* OWAppDelegate.m */; };
		EC026C0B19C5F1160051CE75 /* Main.storyboard in Resources */ = {isa = PBXBuildFile; fileRef = EC026C0919C5F1160051CE75 /* Main.storyboard */; };
		EC026C1019C5F1160051CE75 /* Images.xcassets in Resources */ = {isa = PBXBuildFile; fileRef = EC026C0F19C5F1160051CE75 /* Images.xcassets */; };
		EC026C1719C5F1170051CE75 /* XCTest.framework in Frameworks */ = {isa = PBXBuildFile; fileRef = EC026C1619C5F1170051CE75 /* XCTest.framework */; };
		EC026C1819C5F1170051CE75 /* Foundation.framework in Frameworks */ = {isa = PBXBuildFile; fileRef = EC026BF719C5F1160051CE75 /* Foundation.framework */; };
		EC026C1919C5F1170051CE75 /* UIKit.framework in Frameworks */ = {isa = PBXBuildFile; fileRef = EC026BFB19C5F1160051CE75 /* UIKit.framework */; };
		EC026C2119C5F1170051CE75 /* InfoPlist.strings in Resources */ = {isa = PBXBuildFile; fileRef = EC026C1F19C5F1170051CE75 /* InfoPlist.strings */; };
		EC026C2319C5F1170051CE75 /* Out_of_this_WorldTests.m in Sources */ = {isa = PBXBuildFile; fileRef = EC026C2219C5F1170051CE75 /* Out_of_this_WorldTests.m */; };
		EC026C2E19C5F2090051CE75 /* OWOuterSpaceTableViewController.m in Sources */ = {isa = PBXBuildFile; fileRef = EC026C2D19C5F2090051CE75 /* OWOuterSpaceTableViewController.m */; };
		EC026C3119C5FAA20051CE75 /* AstronomicalData.m in Sources */ = {isa = PBXBuildFile; fileRef = EC026C3019C5FAA20051CE75 /* AstronomicalData.m */; };
		EC026C8019C60E760051CE75 /* Earth.jpg in Resources */ = {isa = PBXBuildFile; fileRef = EC026C7619C60E760051CE75 /* Earth.jpg */; };
		EC026C8119C60E760051CE75 /* EinsteinRing.jpg in Resources */ = {isa = PBXBuildFile; fileRef = EC026C7719C60E760051CE75 /* EinsteinRing.jpg */; };
		EC026C8219C60E760051CE75 /* Jupiter.jpg in Resources */ = {isa = PBXBuildFile; fileRef = EC026C7819C60E760051CE75 /* Jupiter.jpg */; };
		EC026C8319C60E760051CE75 /* Mars.jpg in Resources */ = {isa = PBXBuildFile; fileRef = EC026C7919C60E760051CE75 /* Mars.jpg */; };
		EC026C8419C60E760051CE75 /* Mercury.jpg in Resources */ = {isa = PBXBuildFile; fileRef = EC026C7A19C60E760051CE75 /* Mercury.jpg */; };
		EC026C8519C60E760051CE75 /* Neptune.jpg in Resources */ = {isa = PBXBuildFile; fileRef = EC026C7B19C60E760051CE75 /* Neptune.jpg */; };
		EC026C8619C60E760051CE75 /* Orion.jpg in Resources */ = {isa = PBXBuildFile; fileRef = EC026C7C19C60E760051CE75 /* Orion.jpg */; };
		EC026C8719C60E760051CE75 /* Saturn.jpg in Resources */ = {isa = PBXBuildFile; fileRef = EC026C7D19C60E760051CE75 /* Saturn.jpg */; };
		EC026C8819C60E760051CE75 /* Uranus.jpg in Resources */ = {isa = PBXBuildFile; fileRef = EC026C7E19C60E760051CE75 /* Uranus.jpg */; };
		EC026C8919C60E760051CE75 /* Venus.jpg in Resources */ = {isa = PBXBuildFile; fileRef = EC026C7F19C60E760051CE75 /* Venus.jpg */; };
		EC026C8C19C60EB50051CE75 /* OWSpaceObject.m in Sources */ = {isa = PBXBuildFile; fileRef = EC026C8B19C60EB50051CE75 /* OWSpaceObject.m */; };
		EC026CDE19C65DE90051CE75 /* OWSpaceImageViewController.m in Sources */ = {isa = PBXBuildFile; fileRef = EC026CDD19C65DE90051CE75 /* OWSpaceImageViewController.m */; };
		ECFA5EBC19CB14470038D258 /* OWSpaceDataViewController.m in Sources */ = {isa = PBXBuildFile; fileRef = ECFA5EBB19CB14470038D258 /* OWSpaceDataViewController.m */; };
/* End PBXBuildFile section */

/* Begin PBXContainerItemProxy section */
		EC026C1A19C5F1170051CE75 /* PBXContainerItemProxy */ = {
			isa = PBXContainerItemProxy;
			containerPortal = EC026BEC19C5F1160051CE75 /* Project object */;
			proxyType = 1;
			remoteGlobalIDString = EC026BF319C5F1160051CE75;
			remoteInfo = "Out of this World";
		};
/* End PBXContainerItemProxy section */

/* Begin PBXFileReference section */
		EC026BF419C5F1160051CE75 /* Out of this World.app */ = {isa = PBXFileReference; explicitFileType = wrapper.application; includeInIndex = 0; path = "Out of this World.app"; sourceTree = BUILT_PRODUCTS_DIR; };
		EC026BF719C5F1160051CE75 /* Foundation.framework */ = {isa = PBXFileReference; lastKnownFileType = wrapper.framework; name = Foundation.framework; path = System/Library/Frameworks/Foundation.framework; sourceTree = SDKROOT; };
		EC026BF919C5F1160051CE75 /* CoreGraphics.framework */ = {isa = PBXFileReference; lastKnownFileType = wrapper.framework; name = CoreGraphics.framework; path = System/Library/Frameworks/CoreGraphics.framework; sourceTree = SDKROOT; };
		EC026BFB19C5F1160051CE75 /* UIKit.framework */ = {isa = PBXFileReference; lastKnownFileType = wrapper.framework; name = UIKit.framework; path = System/Library/Frameworks/UIKit.framework; sourceTree = SDKROOT; };
		EC026BFF19C5F1160051CE75 /* Out of this World-Info.plist */ = {isa = PBXFileReference; lastKnownFileType = text.plist.xml; path = "Out of this World-Info.plist"; sourceTree = "<group>"; };
		EC026C0119C5F1160051CE75 /* en */ = {isa = PBXFileReference; lastKnownFileType = text.plist.strings; name = en; path = en.lproj/InfoPlist.strings; sourceTree = "<group>"; };
		EC026C0319C5F1160051CE75 /* main.m */ = {isa = PBXFileReference; lastKnownFileType = sourcecode.c.objc; path = main.m; sourceTree = "<group>"; };
		EC026C0519C5F1160051CE75 /* Out of this World-Prefix.pch */ = {isa = PBXFileReference; lastKnownFileType = sourcecode.c.h; path = "Out of this World-Prefix.pch"; sourceTree = "<group>"; };
		EC026C0619C5F1160051CE75 /* OWAppDelegate.h */ = {isa = PBXFileReference; lastKnownFileType = sourcecode.c.h; path = OWAppDelegate.h; sourceTree = "<group>"; };
		EC026C0719C5F1160051CE75 /* OWAppDelegate.m */ = {isa = PBXFileReference; lastKnownFileType = sourcecode.c.objc; path = OWAppDelegate.m; sourceTree = "<group>"; };
		EC026C0A19C5F1160051CE75 /* Base */ = {isa = PBXFileReference; lastKnownFileType = file.storyboard; name = Base; path = Base.lproj/Main.storyboard; sourceTree = "<group>"; };
		EC026C0F19C5F1160051CE75 /* Images.xcassets */ = {isa = PBXFileReference; lastKnownFileType = folder.assetcatalog; path = Images.xcassets; sourceTree = "<group>"; };
		EC026C1519C5F1170051CE75 /* Out of this WorldTests.xctest */ = {isa = PBXFileReference; explicitFileType = wrapper.cfbundle; includeInIndex = 0; path = "Out of this WorldTests.xctest"; sourceTree = BUILT_PRODUCTS_DIR; };
		EC026C1619C5F1170051CE75 /* XCTest.framework */ = {isa = PBXFileReference; lastKnownFileType = wrapper.framework; name = XCTest.framework; path = Library/Frameworks/XCTest.framework; sourceTree = DEVELOPER_DIR; };
		EC026C1E19C5F1170051CE75 /* Out of this WorldTests-Info.plist */ = {isa = PBXFileReference; lastKnownFileType = text.plist.xml; path = "Out of this WorldTests-Info.plist"; sourceTree = "<group>"; };
		EC026C2019C5F1170051CE75 /* en */ = {isa = PBXFileReference; lastKnownFileType = text.plist.strings; name = en; path = en.lproj/InfoPlist.strings; sourceTree = "<group>"; };
		EC026C2219C5F1170051CE75 /* Out_of_this_WorldTests.m */ = {isa = PBXFileReference; lastKnownFileType = sourcecode.c.objc; path = Out_of_this_WorldTests.m; sourceTree = "<group>"; };
		EC026C2C19C5F2090051CE75 /* OWOuterSpaceTableViewController.h */ = {isa = PBXFileReference; fileEncoding = 4; lastKnownFileType = sourcecode.c.h; path = OWOuterSpaceTableViewController.h; sourceTree = "<group>"; };
		EC026C2D19C5F2090051CE75 /* OWOuterSpaceTableViewController.m */ = {isa = PBXFileReference; fileEncoding = 4; lastKnownFileType = sourcecode.c.objc; path = OWOuterSpaceTableViewController.m; sourceTree = "<group>"; };
		EC026C2F19C5FAA20051CE75 /* AstronomicalData.h */ = {isa = PBXFileReference; fileEncoding = 4; lastKnownFileType = sourcecode.c.h; path = AstronomicalData.h; sourceTree = "<group>"; };
		EC026C3019C5FAA20051CE75 /* AstronomicalData.m */ = {isa = PBXFileReference; fileEncoding = 4; lastKnownFileType = sourcecode.c.objc; path = AstronomicalData.m; sourceTree = "<group>"; };
		EC026C7619C60E760051CE75 /* Earth.jpg */ = {isa = PBXFileReference; lastKnownFileType = image.jpeg; path = Earth.jpg; sourceTree = "<group>"; };
		EC026C7719C60E760051CE75 /* EinsteinRing.jpg */ = {isa = PBXFileReference; lastKnownFileType = image.jpeg; path = EinsteinRing.jpg; sourceTree = "<group>"; };
		EC026C7819C60E760051CE75 /* Jupiter.jpg */ = {isa = PBXFileReference; lastKnownFileType = image.jpeg; path = Jupiter.jpg; sourceTree = "<group>"; };
		EC026C7919C60E760051CE75 /* Mars.jpg */ = {isa = PBXFileReference; lastKnownFileType = image.jpeg; path = Mars.jpg; sourceTree = "<group>"; };
		EC026C7A19C60E760051CE75 /* Mercury.jpg */ = {isa = PBXFileReference; lastKnownFileType = image.jpeg; path = Mercury.jpg; sourceTree = "<group>"; };
		EC026C7B19C60E760051CE75 /* Neptune.jpg */ = {isa = PBXFileReference; lastKnownFileType = image.jpeg; path = Neptune.jpg; sourceTree = "<group>"; };
		EC026C7C19C60E760051CE75 /* Orion.jpg */ = {isa = PBXFileReference; lastKnownFileType = image.jpeg; path = Orion.jpg; sourceTree = "<group>"; };
		EC026C7D19C60E760051CE75 /* Saturn.jpg */ = {isa = PBXFileReference; lastKnownFileType = image.jpeg; path = Saturn.jpg; sourceTree = "<group>"; };
		EC026C7E19C60E760051CE75 /* Uranus.jpg */ = {isa = PBXFileReference; lastKnownFileType = image.jpeg; path = Uranus.jpg; sourceTree = "<group>"; };
		EC026C7F19C60E760051CE75 /* Venus.jpg */ = {isa = PBXFileReference; lastKnownFileType = image.jpeg; path = Venus.jpg; sourceTree = "<group>"; };
		EC026C8A19C60EB50051CE75 /* OWSpaceObject.h */ = {isa = PBXFileReference; fileEncoding = 4; lastKnownFileType = sourcecode.c.h; path = OWSpaceObject.h; sourceTree = "<group>"; };
		EC026C8B19C60EB50051CE75 /* OWSpaceObject.m */ = {isa = PBXFileReference; fileEncoding = 4; lastKnownFileType = sourcecode.c.objc; path = OWSpaceObject.m; sourceTree = "<group>"; };
		EC026CDC19C65DE90051CE75 /* OWSpaceImageViewController.h */ = {isa = PBXFileReference; fileEncoding = 4; lastKnownFileType = sourcecode.c.h; path = OWSpaceImageViewController.h; sourceTree = "<group>"; };
		EC026CDD19C65DE90051CE75 /* OWSpaceImageViewController.m */ = {isa = PBXFileReference; fileEncoding = 4; lastKnownFileType = sourcecode.c.objc; path = OWSpaceImageViewController.m; sourceTree = "<group>"; };
		ECFA5EBA19CB14470038D258 /* OWSpaceDataViewController.h */ = {isa = PBXFileReference; fileEncoding = 4; lastKnownFileType = sourcecode.c.h; path = OWSpaceDataViewController.h; sourceTree = "<group>"; };
		ECFA5EBB19CB14470038D258 /* OWSpaceDataViewController.m */ = {isa = PBXFileReference; fileEncoding = 4; lastKnownFileType = sourcecode.c.objc; path = OWSpaceDataViewController.m; sourceTree = "<group>"; };
/* End PBXFileReference section */

/* Begin PBXFrameworksBuildPhase section */
		EC026BF119C5F1160051CE75 /* Frameworks */ = {
			isa = PBXFrameworksBuildPhase;
			buildActionMask = 2147483647;
			files = (
				EC026BFA19C5F1160051CE75 /* CoreGraphics.framework in Frameworks */,
				EC026BFC19C5F1160051CE75 /* UIKit.framework in Frameworks */,
				EC026BF819C5F1160051CE75 /* Foundation.framework in Frameworks */,
			);
			runOnlyForDeploymentPostprocessing = 0;
		};
		EC026C1219C5F1170051CE75 /* Frameworks */ = {
			isa = PBXFrameworksBuildPhase;
			buildActionMask = 2147483647;
			files = (
				EC026C1719C5F1170051CE75 /* XCTest.framework in Frameworks */,
				EC026C1919C5F1170051CE75 /* UIKit.framework in Frameworks */,
				EC026C1819C5F1170051CE75 /* Foundation.framework in Frameworks */,
			);
			runOnlyForDeploymentPostprocessing = 0;
		};
/* End PBXFrameworksBuildPhase section */

/* Begin PBXGroup section */
		EC026BEB19C5F1160051CE75 = {
			isa = PBXGroup;
			children = (
				EC026BFD19C5F1160051CE75 /* Out of this World */,
				EC026C1C19C5F1170051CE75 /* Out of this WorldTests */,
				EC026BF619C5F1160051CE75 /* Frameworks */,
				EC026BF519C5F1160051CE75 /* Products */,
			);
			sourceTree = "<group>";
		};
		EC026BF519C5F1160051CE75 /* Products */ = {
			isa = PBXGroup;
			children = (
				EC026BF419C5F1160051CE75 /* Out of this World.app */,
				EC026C1519C5F1170051CE75 /* Out of this WorldTests.xctest */,
			);
			name = Products;
			sourceTree = "<group>";
		};
		EC026BF619C5F1160051CE75 /* Frameworks */ = {
			isa = PBXGroup;
			children = (
				EC026BF719C5F1160051CE75 /* Foundation.framework */,
				EC026BF919C5F1160051CE75 /* CoreGraphics.framework */,
				EC026BFB19C5F1160051CE75 /* UIKit.framework */,
				EC026C1619C5F1170051CE75 /* XCTest.framework */,
			);
			name = Frameworks;
			sourceTree = "<group>";
		};
		EC026BFD19C5F1160051CE75 /* Out of this World */ = {
			isa = PBXGroup;
			children = (
				EC026C0619C5F1160051CE75 /* OWAppDelegate.h */,
				EC026C0719C5F1160051CE75 /* OWAppDelegate.m */,
				EC026C0919C5F1160051CE75 /* Main.storyboard */,
				ECFA5EBA19CB14470038D258 /* OWSpaceDataViewController.h */,
				ECFA5EBB19CB14470038D258 /* OWSpaceDataViewController.m */,
				EC026CDC19C65DE90051CE75 /* OWSpaceImageViewController.h */,
				EC026CDD19C65DE90051CE75 /* OWSpaceImageViewController.m */,
				EC026C8A19C60EB50051CE75 /* OWSpaceObject.h */,
				EC026C8B19C60EB50051CE75 /* OWSpaceObject.m */,
				EC026C2C19C5F2090051CE75 /* OWOuterSpaceTableViewController.h */,
				EC026C2D19C5F2090051CE75 /* OWOuterSpaceTableViewController.m */,
				EC026C0F19C5F1160051CE75 /* Images.xcassets */,
				EC026BFE19C5F1160051CE75 /* Supporting Files */,
			);
			path = "Out of this World";
			sourceTree = "<group>";
		};
		EC026BFE19C5F1160051CE75 /* Supporting Files */ = {
			isa = PBXGroup;
			children = (
				EC026C7619C60E760051CE75 /* Earth.jpg */,
				EC026C7719C60E760051CE75 /* EinsteinRing.jpg */,
				EC026C7819C60E760051CE75 /* Jupiter.jpg */,
				EC026C7919C60E760051CE75 /* Mars.jpg */,
				EC026C7A19C60E760051CE75 /* Mercury.jpg */,
				EC026C7B19C60E760051CE75 /* Neptune.jpg */,
				EC026C7C19C60E760051CE75 /* Orion.jpg */,
				EC026C7D19C60E760051CE75 /* Saturn.jpg */,
				EC026C7E19C60E760051CE75 /* Uranus.jpg */,
				EC026C7F19C60E760051CE75 /* Venus.jpg */,
				EC026C2F19C5FAA20051CE75 /* AstronomicalData.h */,
				EC026C3019C5FAA20051CE75 /* AstronomicalData.m */,
				EC026BFF19C5F1160051CE75 /* Out of this World-Info.plist */,
				EC026C0019C5F1160051CE75 /* InfoPlist.strings */,
				EC026C0319C5F1160051CE75 /* main.m */,
				EC026C0519C5F1160051CE75 /* Out of this World-Prefix.pch */,
			);
			name = "Supporting Files";
			sourceTree = "<group>";
		};
		EC026C1C19C5F1170051CE75 /* Out of this WorldTests */ = {
			isa = PBXGroup;
			children = (
				EC026C2219C5F1170051CE75 /* Out_of_this_WorldTests.m */,
				EC026C1D19C5F1170051CE75 /* Supporting Files */,
			);
			path = "Out of this WorldTests";
			sourceTree = "<group>";
		};
		EC026C1D19C5F1170051CE75 /* Supporting Files */ = {
			isa = PBXGroup;
			children = (
				EC026C1E19C5F1170051CE75 /* Out of this WorldTests-Info.plist */,
				EC026C1F19C5F1170051CE75 /* InfoPlist.strings */,
			);
			name = "Supporting Files";
			sourceTree = "<group>";
		};
/* End PBXGroup section */

/* Begin PBXNativeTarget section */
		EC026BF319C5F1160051CE75 /* Out of this World */ = {
			isa = PBXNativeTarget;
			buildConfigurationList = EC026C2619C5F1170051CE75 /* Build configuration list for PBXNativeTarget "Out of this World" */;
			buildPhases = (
				EC026BF019C5F1160051CE75 /* Sources */,
				EC026BF119C5F1160051CE75 /* Frameworks */,
				EC026BF219C5F1160051CE75 /* Resources */,
			);
			buildRules = (
			);
			dependencies = (
			);
			name = "Out of this World";
			productName = "Out of this World";
			productReference = EC026BF419C5F1160051CE75 /* Out of this World.app */;
			productType = "com.apple.product-type.application";
		};
		EC026C1419C5F1170051CE75 /* Out of this WorldTests */ = {
			isa = PBXNativeTarget;
			buildConfigurationList = EC026C2919C5F1170051CE75 /* Build configuration list for PBXNativeTarget "Out of this WorldTests" */;
			buildPhases = (
				EC026C1119C5F1170051CE75 /* Sources */,
				EC026C1219C5F1170051CE75 /* Frameworks */,
				EC026C1319C5F1170051CE75 /* Resources */,
			);
			buildRules = (
			);
			dependencies = (
				EC026C1B19C5F1170051CE75 /* PBXTargetDependency */,
			);
			name = "Out of this WorldTests";
			productName = "Out of this WorldTests";
			productReference = EC026C1519C5F1170051CE75 /* Out of this WorldTests.xctest */;
			productType = "com.apple.product-type.bundle.unit-test";
		};
/* End PBXNativeTarget section */

/* Begin PBXProject section */
		EC026BEC19C5F1160051CE75 /* Project object */ = {
			isa = PBXProject;
			attributes = {
				CLASSPREFIX = OW;
				LastUpgradeCheck = 0510;
				ORGANIZATIONNAME = "Andy Sharkey";
				TargetAttributes = {
					EC026C1419C5F1170051CE75 = {
						TestTargetID = EC026BF319C5F1160051CE75;
					};
				};
			};
			buildConfigurationList = EC026BEF19C5F1160051CE75 /* Build configuration list for PBXProject "Out of this World" */;
			compatibilityVersion = "Xcode 3.2";
			developmentRegion = English;
			hasScannedForEncodings = 0;
			knownRegions = (
				en,
				Base,
			);
			mainGroup = EC026BEB19C5F1160051CE75;
			productRefGroup = EC026BF519C5F1160051CE75 /* Products */;
			projectDirPath = "";
			projectRoot = "";
			targets = (
				EC026BF319C5F1160051CE75 /* Out of this World */,
				EC026C1419C5F1170051CE75 /* Out of this WorldTests */,
			);
		};
/* End PBXProject section */

/* Begin PBXResourcesBuildPhase section */
		EC026BF219C5F1160051CE75 /* Resources */ = {
			isa = PBXResourcesBuildPhase;
			buildActionMask = 2147483647;
			files = (
				EC026C8019C60E760051CE75 /* Earth.jpg in Resources */,
				EC026C8919C60E760051CE75 /* Venus.jpg in Resources */,
				EC026C8419C60E760051CE75 /* Mercury.jpg in Resources */,
				EC026C8719C60E760051CE75 /* Saturn.jpg in Resources */,
				EC026C8819C60E760051CE75 /* Uranus.jpg in Resources */,
				EC026C1019C5F1160051CE75 /* Images.xcassets in Resources */,
				EC026C8519C60E760051CE75 /* Neptune.jpg in Resources */,
				EC026C8319C60E760051CE75 /* Mars.jpg in Resources */,
				EC026C0219C5F1160051CE75 /* InfoPlist.strings in Resources */,
				EC026C0B19C5F1160051CE75 /* Main.storyboard in Resources */,
				EC026C8119C60E760051CE75 /* EinsteinRing.jpg in Resources */,
				EC026C8219C60E760051CE75 /* Jupiter.jpg in Resources */,
				EC026C8619C60E760051CE75 /* Orion.jpg in Resources */,
			);
			runOnlyForDeploymentPostprocessing = 0;
		};
		EC026C1319C5F1170051CE75 /* Resources */ = {
			isa = PBXResourcesBuildPhase;
			buildActionMask = 2147483647;
			files = (
				EC026C2119C5F1170051CE75 /* InfoPlist.strings in Resources */,
			);
			runOnlyForDeploymentPostprocessing = 0;
		};
/* End PBXResourcesBuildPhase section */

/* Begin PBXSourcesBuildPhase section */
		EC026BF019C5F1160051CE75 /* Sources */ = {
			isa = PBXSourcesBuildPhase;
			buildActionMask = 2147483647;
			files = (
				EC026C2E19C5F2090051CE75 /* OWOuterSpaceTableViewController.m in Sources */,
				EC026C8C19C60EB50051CE75 /* OWSpaceObject.m in Sources */,
				EC026C0819C5F1160051CE75 /* OWAppDelegate.m in Sources */,
				EC026C0419C5F1160051CE75 /* main.m in Sources */,
				EC026C3119C5FAA20051CE75 /* AstronomicalData.m in Sources */,
				ECFA5EBC19CB14470038D258 /* OWSpaceDataViewController.m in Sources */,
				EC026CDE19C65DE90051CE75 /* OWSpaceImageViewController.m in Sources */,
			);
			runOnlyForDeploymentPostprocessing = 0;
		};
		EC026C1119C5F1170051CE75 /* Sources */ = {
			isa = PBXSourcesBuildPhase;
			buildActionMask = 2147483647;
			files = (
				EC026C2319C5F1170051CE75 /* Out_of_this_WorldTests.m in Sources */,
			);
			runOnlyForDeploymentPostprocessing = 0;
		};
/* End PBXSourcesBuildPhase section */

/* Begin PBXTargetDependency section */
		EC026C1B19C5F1170051CE75 /* PBXTargetDependency */ = {
			isa = PBXTargetDependency;
			target = EC026BF319C5F1160051CE75 /* Out of this World */;
			targetProxy = EC026C1A19C5F1170051CE75 /* PBXContainerItemProxy */;
		};
/* End PBXTargetDependency section */

/* Begin PBXVariantGroup section */
		EC026C0019C5F1160051CE75 /* InfoPlist.strings */ = {
			isa = PBXVariantGroup;
			children = (
				EC026C0119C5F1160051CE75 /* en */,
			);
			name = InfoPlist.strings;
			sourceTree = "<group>";
		};
		EC026C0919C5F1160051CE75 /* Main.storyboard */ = {
			isa = PBXVariantGroup;
			children = (
				EC026C0A19C5F1160051CE75 /* Base */,
			);
			name = Main.storyboard;
			sourceTree = "<group>";
		};
		EC026C1F19C5F1170051CE75 /* InfoPlist.strings */ = {
			isa = PBXVariantGroup;
			children = (
				EC026C2019C5F1170051CE75 /* en */,
			);
			name = InfoPlist.strings;
			sourceTree = "<group>";
		};
/* End PBXVariantGroup section */

/* Begin XCBuildConfiguration section */
		EC026C2419C5F1170051CE75 /* Debug */ = {
			isa = XCBuildConfiguration;
			buildSettings = {
				ALWAYS_SEARCH_USER_PATHS = NO;
				CLANG_CXX_LANGUAGE_STANDARD = "gnu++0x";
				CLANG_CXX_LIBRARY = "libc++";
				CLANG_ENABLE_MODULES = YES;
				CLANG_ENABLE_OBJC_ARC = YES;
				CLANG_WARN_BOOL_CONVERSION = YES;
				CLANG_WARN_CONSTANT_CONVERSION = YES;
				CLANG_WARN_DIRECT_OBJC_ISA_USAGE = YES_ERROR;
				CLANG_WARN_EMPTY_BODY = YES;
				CLANG_WARN_ENUM_CONVERSION = YES;
				CLANG_WARN_INT_CONVERSION = YES;
				CLANG_WARN_OBJC_ROOT_CLASS = YES_ERROR;
				CLANG_WARN__DUPLICATE_METHOD_MATCH = YES;
				"CODE_SIGN_IDENTITY[sdk=iphoneos*]" = "iPhone Developer";
				COPY_PHASE_STRIP = NO;
				GCC_C_LANGUAGE_STANDARD = gnu99;
				GCC_DYNAMIC_NO_PIC = NO;
				GCC_OPTIMIZATION_LEVEL = 0;
				GCC_PREPROCESSOR_DEFINITIONS = (
					"DEBUG=1",
					"$(inherited)",
				);
				GCC_SYMBOLS_PRIVATE_EXTERN = NO;
				GCC_WARN_64_TO_32_BIT_CONVERSION = YES;
				GCC_WARN_ABOUT_RETURN_TYPE = YES_ERROR;
				GCC_WARN_UNDECLARED_SELECTOR = YES;
				GCC_WARN_UNINITIALIZED_AUTOS = YES_AGGRESSIVE;
				GCC_WARN_UNUSED_FUNCTION = YES;
				GCC_WARN_UNUSED_VARIABLE = YES;
				IPHONEOS_DEPLOYMENT_TARGET = 7.1;
				ONLY_ACTIVE_ARCH = YES;
				SDKROOT = iphoneos;
			};
			name = Debug;
		};
		EC026C2519C5F1170051CE75 /* Release */ = {
			isa = XCBuildConfiguration;
			buildSettings = {
				ALWAYS_SEARCH_USER_PATHS = NO;
				CLANG_CXX_LANGUAGE_STANDARD = "gnu++0x";
				CLANG_CXX_LIBRARY = "libc++";
				CLANG_ENABLE_MODULES = YES;
				CLANG_ENABLE_OBJC_ARC = YES;
				CLANG_WARN_BOOL_CONVERSION = YES;
				CLANG_WARN_CONSTANT_CONVERSION = YES;
				CLANG_WARN_DIRECT_OBJC_ISA_USAGE = YES_ERROR;
				CLANG_WARN_EMPTY_BODY = YES;
				CLANG_WARN_ENUM_CONVERSION = YES;
				CLANG_WARN_INT_CONVERSION = YES;
				CLANG_WARN_OBJC_ROOT_CLASS = YES_ERROR;
				CLANG_WARN__DUPLICATE_METHOD_MATCH = YES;
				"CODE_SIGN_IDENTITY[sdk=iphoneos*]" = "iPhone Developer";
				COPY_PHASE_STRIP = YES;
				ENABLE_NS_ASSERTIONS = NO;
				GCC_C_LANGUAGE_STANDARD = gnu99;
				GCC_WARN_64_TO_32_BIT_CONVERSION = YES;
				GCC_WARN_ABOUT_RETURN_TYPE = YES_ERROR;
				GCC_WARN_UNDECLARED_SELECTOR = YES;
				GCC_WARN_UNINITIALIZED_AUTOS = YES_AGGRESSIVE;
				GCC_WARN_UNUSED_FUNCTION = YES;
				GCC_WARN_UNUSED_VARIABLE = YES;
				IPHONEOS_DEPLOYMENT_TARGET = 7.1;
				SDKROOT = iphoneos;
				VALIDATE_PRODUCT = YES;
			};
			name = Release;
		};
		EC026C2719C5F1170051CE75 /* Debug */ = {
			isa = XCBuildConfiguration;
			buildSettings = {
				ASSETCATALOG_COMPILER_APPICON_NAME = AppIcon;
				ASSETCATALOG_COMPILER_LAUNCHIMAGE_NAME = LaunchImage;
				GCC_PRECOMPILE_PREFIX_HEADER = YES;
				GCC_PREFIX_HEADER = "Out of this World/Out of this World-Prefix.pch";
				INFOPLIST_FILE = "Out of this World/Out of this World-Info.plist";
				PRODUCT_NAME = "$(TARGET_NAME)";
				WRAPPER_EXTENSION = app;
			};
			name = Debug;
		};
		EC026C2819C5F1170051CE75 /* Release */ = {
			isa = XCBuildConfiguration;
			buildSettings = {
				ASSETCATALOG_COMPILER_APPICON_NAME = AppIcon;
				ASSETCATALOG_COMPILER_LAUNCHIMAGE_NAME = LaunchImage;
				GCC_PRECOMPILE_PREFIX_HEADER = YES;
				GCC_PREFIX_HEADER = "Out of this World/Out of this World-Prefix.pch";
				INFOPLIST_FILE = "Out of this World/Out of this World-Info.plist";
				PRODUCT_NAME = "$(TARGET_NAME)";
				WRAPPER_EXTENSION = app;
			};
			name = Release;
		};
		EC026C2A19C5F1170051CE75 /* Debug */ = {
			isa = XCBuildConfiguration;
			buildSettings = {
				BUNDLE_LOADER = "$(BUILT_PRODUCTS_DIR)/Out of this World.app/Out of this World";
				FRAMEWORK_SEARCH_PATHS = (
					"$(SDKROOT)/Developer/Library/Frameworks",
					"$(inherited)",
					"$(DEVELOPER_FRAMEWORKS_DIR)",
				);
				GCC_PRECOMPILE_PREFIX_HEADER = YES;
				GCC_PREFIX_HEADER = "Out of this World/Out of this World-Prefix.pch";
				GCC_PREPROCESSOR_DEFINITIONS = (
					"DEBUG=1",
					"$(inherited)",
				);
				INFOPLIST_FILE = "Out of this WorldTests/Out of this WorldTests-Info.plist";
				PRODUCT_NAME = "$(TARGET_NAME)";
				TEST_HOST = "$(BUNDLE_LOADER)";
				WRAPPER_EXTENSION = xctest;
			};
			name = Debug;
		};
		EC026C2B19C5F1170051CE75 /* Release */ = {
			isa = XCBuildConfiguration;
			buildSettings = {
				BUNDLE_LOADER = "$(BUILT_PRODUCTS_DIR)/Out of this World.app/Out of this World";
				FRAMEWORK_SEARCH_PATHS = (
					"$(SDKROOT)/Developer/Library/Frameworks",
					"$(inherited)",
					"$(DEVELOPER_FRAMEWORKS_DIR)",
				);
				GCC_PRECOMPILE_PREFIX_HEADER = YES;
				GCC_PREFIX_HEADER = "Out of this World/Out of this World-Prefix.pch";
				INFOPLIST_FILE = "Out of this WorldTests/Out of this WorldTests-Info.plist";
				PRODUCT_NAME = "$(TARGET_NAME)";
				TEST_HOST = "$(BUNDLE_LOADER)";
				WRAPPER_EXTENSION = xctest;
			};
			name = Release;
		};
/* End XCBuildConfiguration section */

/* Begin XCConfigurationList section */
		EC026BEF19C5F1160051CE75 /* Build configuration list for PBXProject "Out of this World" */ = {
			isa = XCConfigurationList;
			buildConfigurations = (
				EC026C2419C5F1170051CE75 /* Debug */,
				EC026C2519C5F1170051CE75 /* Release */,
			);
			defaultConfigurationIsVisible = 0;
			defaultConfigurationName = Release;
		};
		EC026C2619C5F1170051CE75 /* Build configuration list for PBXNativeTarget "Out of this World" */ = {
			isa = XCConfigurationList;
			buildConfigurations = (
				EC026C2719C5F1170051CE75 /* Debug */,
				EC026C2819C5F1170051CE75 /* Release */,
			);
			defaultConfigurationIsVisible = 0;
			defaultConfigurationName = Release;
		};
		EC026C2919C5F1170051CE75 /* Build configuration list for PBXNativeTarget "Out of this WorldTests" */ = {
			isa = XCConfigurationList;
			buildConfigurations = (
				EC026C2A19C5F1170051CE75 /* Debug */,
				EC026C2B19C5F1170051CE75 /* Release */,
			);
			defaultConfigurationIsVisible = 0;
			defaultConfigurationName = Release;
		};
/* End XCConfigurationList section */
	};
	rootObject = EC026BEC19C5F1160051CE75 /* Project object */;
}
